
Microsoft Visual Studio Solution File, Format Version 12.00
# Visual Studio Version 17
VisualStudioVersion = 17.3.32922.545
MinimumVisualStudioVersion = 10.0.40219.1
Project("{FAE04EC0-301F-11D3-BF4B-00C04F79EFBC}") = "PlaygroundNetAPI", "PlaygroundNetAPI\PlaygroundNetAPI.csproj", "{6652593A-33A3-4D98-8E04-549AC6227EA4}"
EndProject
Global
	GlobalSection(SolutionConfigurationPlatforms) = preSolution
		Debug|Any CPU = Debug|Any CPU
		Release|Any CPU = Release|Any CPU
	EndGlobalSection
	GlobalSection(ProjectConfigurationPlatforms) = postSolution
		{6652593A-33A3-4D98-8E04-549AC6227EA4}.Debug|Any CPU.ActiveCfg = Debug|Any CPU
		{6652593A-33A3-4D98-8E04-549AC6227EA4}.Debug|Any CPU.Build.0 = Debug|Any CPU
		{6652593A-33A3-4D98-8E04-549AC6227EA4}.Release|Any CPU.ActiveCfg = Release|Any CPU
		{6652593A-33A3-4D98-8E04-549AC6227EA4}.Release|Any CPU.Build.0 = Release|Any CPU
	EndGlobalSection
	GlobalSection(SolutionProperties) = preSolution
		HideSolutionNode = FALSE
	EndGlobalSection
	GlobalSection(ExtensibilityGlobals) = postSolution
		SolutionGuid = {45B61F2C-DE17-4711-8E7B-EB971D95DE9C}
	EndGlobalSection
EndGlobal
